# This file was autogenerated by Stack.
# You should not edit this file by hand.
# For more information, please see the documentation at:
#   https://docs.haskellstack.org/en/stable/lock_files

packages:
- completed:
    hackage: elm-bridge-0.5.1@sha256:e38bfb9dcd1e2cd119a280072f2f99ed718120c21f37f102b8318156645f06da,2421
    pantry-tree:
      size: 1084
      sha256: cd4fd21b75bfd977b30e73249d8edd5cc21a8b7fd0dd0c7f364987e0221d626d
  original:
    hackage: elm-bridge-0.5.1
- completed:
    cabal-file:
      size: 1002
      sha256: dec3ff9363923429c3c45ac5cb227c6b6b61c74500aff8b5150f221a01b63143
    name: bounded-enum
    version: 0.1.0.0
    git: https://github.com/jnbooth/bounded-enum.git
    pantry-tree:
      size: 431
      sha256: 034358e16810e6d464825ec1316e28292ae3abe4aee5888aaa09e77c40fa8dbd
    commit: f0b52d146f2bca2e85d72ba254f475643e6a9dcb
  original:
    git: https://github.com/jnbooth/bounded-enum.git
    commit: f0b52d146f2bca2e85d72ba254f475643e6a9dcb
snapshots:
- completed:
    size: 500539
    url: https://raw.githubusercontent.com/commercialhaskell/stackage-snapshots/master/lts/13/30.yaml
    sha256: 59ad6b944c9903847fecdc1d4815e8500c1f9999d80fd1b4d2d66e408faec44b
  original: lts-13.30
