# This file was autogenerated by Stack.
# You should not edit this file by hand.
# For more information, please see the documentation at:
#   https://docs.haskellstack.org/en/stable/lock_files

packages:
- completed:
    cabal-file:
      size: 1832
      sha256: 184f78a66a352912ae7d4a952dac55bcee4acc4625f6cb25b75380706ef9ab91
    name: bounded-enum
    version: 0.1.1.0
    git: https://github.com/jnbooth/bounded-enum.git
    pantry-tree:
      size: 557
      sha256: 86e0c5727644074caf2e55170294321664a8aa03640f4bd85faeaee348e44695
    commit: d38fe48562af68f831f4cc45be9f9b019aa982a4
  original:
    git: https://github.com/jnbooth/bounded-enum.git
    commit: d38fe48562af68f831f4cc45be9f9b019aa982a4
snapshots:
- completed:
    size: 524130
    url: https://raw.githubusercontent.com/commercialhaskell/stackage-snapshots/master/lts/14/10.yaml
    sha256: 04841e0397d7ce6364f19359fce89aa45ca8684609d665845db80d398002baa9
  original: lts-14.10
