# This file was autogenerated by Stack.
# You should not edit this file by hand.
# For more information, please see the documentation at:
#   https://docs.haskellstack.org/en/stable/lock_files

packages:
- completed:
    hackage: concurrent-hashtable-0.1.8@sha256:c9ddedc2904e81655e9d50736d3e038239536980833358fc87f576903c120f55,2648
    pantry-tree:
      size: 510
      sha256: 5b51d7f76c644ac72fd942fb63846428362cf64064156aa197f9f2fdcf038100
  original:
    hackage: concurrent-hashtable-0.1.8
- completed:
    hackage: bitwise-enum-1.0.0.1@sha256:ba6ec1181970c2dc36c2e731e30c63a09e998b6950f8c0e0a84c972dadf5934d,2833
    pantry-tree:
      size: 461
      sha256: d2d60b9e3a93eed56067f7022e1833ed36ddd75594e73bcacfa9684d20d141ac
  original:
    hackage: bitwise-enum-1.0.0.1
snapshots:
- completed:
    size: 532832
    url: https://raw.githubusercontent.com/commercialhaskell/stackage-snapshots/master/lts/16/23.yaml
    sha256: fbb2a0519008533924c7753bd7164ddd1009f09504eb06674acad6049b46db09
  original: lts-16.23
